// !$*UTF8*$!
{
	archiveVersion = 1;
	classes = {
	};
	objectVersion = 50;
	objects = {

/* Begin PBXBuildFile section */
		8A1975442287B63000C95202 /* LoginViewController.swift in Sources */ = {isa = PBXBuildFile; fileRef = 8A1975432287B63000C95202 /* LoginViewController.swift */; };
		8A1975462288438D00C95202 /* LoginService.swift in Sources */ = {isa = PBXBuildFile; fileRef = 8A1975452288438D00C95202 /* LoginService.swift */; };
		8A1975482288472F00C95202 /* MainViewController.swift in Sources */ = {isa = PBXBuildFile; fileRef = 8A1975472288472F00C95202 /* MainViewController.swift */; };
		8A19754A2288579600C95202 /* IRQueryRequest+Signed.swift in Sources */ = {isa = PBXBuildFile; fileRef = 8A1975492288579600C95202 /* IRQueryRequest+Signed.swift */; };
		8A19754C2288593B00C95202 /* Account.swift in Sources */ = {isa = PBXBuildFile; fileRef = 8A19754B2288593B00C95202 /* Account.swift */; };
		8A7467DA2286610E0061B631 /* AppDelegate.swift in Sources */ = {isa = PBXBuildFile; fileRef = 8A7467D92286610E0061B631 /* AppDelegate.swift */; };
		8A7467DC2286610E0061B631 /* ViewController.swift in Sources */ = {isa = PBXBuildFile; fileRef = 8A7467DB2286610E0061B631 /* ViewController.swift */; };
		8A7467DF2286610E0061B631 /* Main.storyboard in Resources */ = {isa = PBXBuildFile; fileRef = 8A7467DD2286610E0061B631 /* Main.storyboard */; };
		8A7467E1228661140061B631 /* Assets.xcassets in Resources */ = {isa = PBXBuildFile; fileRef = 8A7467E0228661140061B631 /* Assets.xcassets */; };
		8A7467E4228661140061B631 /* LaunchScreen.storyboard in Resources */ = {isa = PBXBuildFile; fileRef = 8A7467E2228661140061B631 /* LaunchScreen.storyboard */; };
		8A7467EC228662B00061B631 /* Constants.swift in Sources */ = {isa = PBXBuildFile; fileRef = 8A7467EB228662B00061B631 /* Constants.swift */; };
		8A7467F0228667010061B631 /* String+Hexadecimal.swift in Sources */ = {isa = PBXBuildFile; fileRef = 8A7467EF228667010061B631 /* String+Hexadecimal.swift */; };
		8A7467F422866AE10061B631 /* IrohaErrors.swift in Sources */ = {isa = PBXBuildFile; fileRef = 8A7467F322866AE10061B631 /* IrohaErrors.swift */; };
		8A7467F622866D500061B631 /* Data+Hexadecimal.swift in Sources */ = {isa = PBXBuildFile; fileRef = 8A7467F522866D500061B631 /* Data+Hexadecimal.swift */; };
		E7C9703CAE348B91B0119380 /* Pods_Iroha.framework in Frameworks */ = {isa = PBXBuildFile; fileRef = 04D6528C4E6C3A7D42776897 /* Pods_Iroha.framework */; };
/* End PBXBuildFile section */

/* Begin PBXFileReference section */
		04D6528C4E6C3A7D42776897 /* Pods_Iroha.framework */ = {isa = PBXFileReference; explicitFileType = wrapper.framework; includeInIndex = 0; path = Pods_Iroha.framework; sourceTree = BUILT_PRODUCTS_DIR; };
		5A1E0EB3EB9C87E03198B80E /* Pods-Iroha.release.xcconfig */ = {isa = PBXFileReference; includeInIndex = 1; lastKnownFileType = text.xcconfig; name = "Pods-Iroha.release.xcconfig"; path = "Pods/Target Support Files/Pods-Iroha/Pods-Iroha.release.xcconfig"; sourceTree = "<group>"; };
		8A1975432287B63000C95202 /* LoginViewController.swift */ = {isa = PBXFileReference; lastKnownFileType = sourcecode.swift; path = LoginViewController.swift; sourceTree = "<group>"; };
		8A1975452288438D00C95202 /* LoginService.swift */ = {isa = PBXFileReference; lastKnownFileType = sourcecode.swift; path = LoginService.swift; sourceTree = "<group>"; };
		8A1975472288472F00C95202 /* MainViewController.swift */ = {isa = PBXFileReference; lastKnownFileType = sourcecode.swift; path = MainViewController.swift; sourceTree = "<group>"; };
		8A1975492288579600C95202 /* IRQueryRequest+Signed.swift */ = {isa = PBXFileReference; lastKnownFileType = sourcecode.swift; path = "IRQueryRequest+Signed.swift"; sourceTree = "<group>"; };
		8A19754B2288593B00C95202 /* Account.swift */ = {isa = PBXFileReference; lastKnownFileType = sourcecode.swift; path = Account.swift; sourceTree = "<group>"; };
		8A7467D62286610E0061B631 /* Iroha.app */ = {isa = PBXFileReference; explicitFileType = wrapper.application; includeInIndex = 0; path = Iroha.app; sourceTree = BUILT_PRODUCTS_DIR; };
		8A7467D92286610E0061B631 /* AppDelegate.swift */ = {isa = PBXFileReference; lastKnownFileType = sourcecode.swift; path = AppDelegate.swift; sourceTree = "<group>"; };
		8A7467DB2286610E0061B631 /* ViewController.swift */ = {isa = PBXFileReference; lastKnownFileType = sourcecode.swift; path = ViewController.swift; sourceTree = "<group>"; };
		8A7467DE2286610E0061B631 /* Base */ = {isa = PBXFileReference; lastKnownFileType = file.storyboard; name = Base; path = Base.lproj/Main.storyboard; sourceTree = "<group>"; };
		8A7467E0228661140061B631 /* Assets.xcassets */ = {isa = PBXFileReference; lastKnownFileType = folder.assetcatalog; path = Assets.xcassets; sourceTree = "<group>"; };
		8A7467E3228661140061B631 /* Base */ = {isa = PBXFileReference; lastKnownFileType = file.storyboard; name = Base; path = Base.lproj/LaunchScreen.storyboard; sourceTree = "<group>"; };
		8A7467E5228661150061B631 /* Info.plist */ = {isa = PBXFileReference; lastKnownFileType = text.plist.xml; path = Info.plist; sourceTree = "<group>"; };
		8A7467EB228662B00061B631 /* Constants.swift */ = {isa = PBXFileReference; lastKnownFileType = sourcecode.swift; path = Constants.swift; sourceTree = "<group>"; };
		8A7467EF228667010061B631 /* String+Hexadecimal.swift */ = {isa = PBXFileReference; lastKnownFileType = sourcecode.swift; path = "String+Hexadecimal.swift"; sourceTree = "<group>"; };
		8A7467F322866AE10061B631 /* IrohaErrors.swift */ = {isa = PBXFileReference; lastKnownFileType = sourcecode.swift; path = IrohaErrors.swift; sourceTree = "<group>"; };
		8A7467F522866D500061B631 /* Data+Hexadecimal.swift */ = {isa = PBXFileReference; lastKnownFileType = sourcecode.swift; path = "Data+Hexadecimal.swift"; sourceTree = "<group>"; };
		A90006050AF074D4DF3612B9 /* Pods-Iroha.debug.xcconfig */ = {isa = PBXFileReference; includeInIndex = 1; lastKnownFileType = text.xcconfig; name = "Pods-Iroha.debug.xcconfig"; path = "Pods/Target Support Files/Pods-Iroha/Pods-Iroha.debug.xcconfig"; sourceTree = "<group>"; };
/* End PBXFileReference section */

/* Begin PBXFrameworksBuildPhase section */
		8A7467D32286610E0061B631 /* Frameworks */ = {
			isa = PBXFrameworksBuildPhase;
			buildActionMask = 2147483647;
			files = (
				E7C9703CAE348B91B0119380 /* Pods_Iroha.framework in Frameworks */,
			);
			runOnlyForDeploymentPostprocessing = 0;
		};
/* End PBXFrameworksBuildPhase section */

/* Begin PBXGroup section */
		1908B54BB2076AFAAD71E1F5 /* Frameworks */ = {
			isa = PBXGroup;
			children = (
				04D6528C4E6C3A7D42776897 /* Pods_Iroha.framework */,
			);
			name = Frameworks;
			sourceTree = "<group>";
		};
		210D3260F4967112C1740806 /* Pods */ = {
			isa = PBXGroup;
			children = (
				A90006050AF074D4DF3612B9 /* Pods-Iroha.debug.xcconfig */,
				5A1E0EB3EB9C87E03198B80E /* Pods-Iroha.release.xcconfig */,
			);
			name = Pods;
			sourceTree = "<group>";
		};
		8A7467CD2286610D0061B631 = {
			isa = PBXGroup;
			children = (
				8A7467D82286610E0061B631 /* Iroha */,
				8A7467D72286610E0061B631 /* Products */,
				210D3260F4967112C1740806 /* Pods */,
				1908B54BB2076AFAAD71E1F5 /* Frameworks */,
			);
			sourceTree = "<group>";
		};
		8A7467D72286610E0061B631 /* Products */ = {
			isa = PBXGroup;
			children = (
				8A7467D62286610E0061B631 /* Iroha.app */,
			);
			name = Products;
			sourceTree = "<group>";
		};
		8A7467D82286610E0061B631 /* Iroha */ = {
			isa = PBXGroup;
			children = (
				8A7467D92286610E0061B631 /* AppDelegate.swift */,
				8A7467DB2286610E0061B631 /* ViewController.swift */,
				8A1975432287B63000C95202 /* LoginViewController.swift */,
				8A1975472288472F00C95202 /* MainViewController.swift */,
				8A1975452288438D00C95202 /* LoginService.swift */,
				8A7467EB228662B00061B631 /* Constants.swift */,
				8A7467EF228667010061B631 /* String+Hexadecimal.swift */,
				8A1975492288579600C95202 /* IRQueryRequest+Signed.swift */,
				8A19754B2288593B00C95202 /* Account.swift */,
				8A7467F522866D500061B631 /* Data+Hexadecimal.swift */,
				8A7467F322866AE10061B631 /* IrohaErrors.swift */,
				8A7467DD2286610E0061B631 /* Main.storyboard */,
				8A7467E0228661140061B631 /* Assets.xcassets */,
				8A7467E2228661140061B631 /* LaunchScreen.storyboard */,
				8A7467E5228661150061B631 /* Info.plist */,
			);
			path = Iroha;
			sourceTree = "<group>";
		};
/* End PBXGroup section */

/* Begin PBXNativeTarget section */
		8A7467D52286610E0061B631 /* Iroha */ = {
			isa = PBXNativeTarget;
			buildConfigurationList = 8A7467E8228661150061B631 /* Build configuration list for PBXNativeTarget "Iroha" */;
			buildPhases = (
				AB4063893FA4ABD69F0C4510 /* [CP] Check Pods Manifest.lock */,
				8A7467D22286610E0061B631 /* Sources */,
				8A7467D32286610E0061B631 /* Frameworks */,
				8A7467D42286610E0061B631 /* Resources */,
				8CB7FA6216FFFAC1FBBE2539 /* [CP] Embed Pods Frameworks */,
			);
			buildRules = (
			);
			dependencies = (
			);
			name = Iroha;
			productName = Iroha;
			productReference = 8A7467D62286610E0061B631 /* Iroha.app */;
			productType = "com.apple.product-type.application";
		};
/* End PBXNativeTarget section */

/* Begin PBXProject section */
		8A7467CE2286610D0061B631 /* Project object */ = {
			isa = PBXProject;
			attributes = {
				LastSwiftUpdateCheck = 1020;
				LastUpgradeCheck = 1020;
				ORGANIZATIONNAME = "Alexey Salangin";
				TargetAttributes = {
					8A7467D52286610E0061B631 = {
						CreatedOnToolsVersion = 10.2.1;
					};
				};
			};
			buildConfigurationList = 8A7467D12286610E0061B631 /* Build configuration list for PBXProject "Iroha" */;
			compatibilityVersion = "Xcode 9.3";
			developmentRegion = en;
			hasScannedForEncodings = 0;
			knownRegions = (
				en,
				Base,
			);
			mainGroup = 8A7467CD2286610D0061B631;
			productRefGroup = 8A7467D72286610E0061B631 /* Products */;
			projectDirPath = "";
			projectRoot = "";
			targets = (
				8A7467D52286610E0061B631 /* Iroha */,
			);
		};
/* End PBXProject section */

/* Begin PBXResourcesBuildPhase section */
		8A7467D42286610E0061B631 /* Resources */ = {
			isa = PBXResourcesBuildPhase;
			buildActionMask = 2147483647;
			files = (
				8A7467E4228661140061B631 /* LaunchScreen.storyboard in Resources */,
				8A7467E1228661140061B631 /* Assets.xcassets in Resources */,
				8A7467DF2286610E0061B631 /* Main.storyboard in Resources */,
			);
			runOnlyForDeploymentPostprocessing = 0;
		};
/* End PBXResourcesBuildPhase section */

/* Begin PBXShellScriptBuildPhase section */
		8CB7FA6216FFFAC1FBBE2539 /* [CP] Embed Pods Frameworks */ = {
			isa = PBXShellScriptBuildPhase;
			buildActionMask = 2147483647;
			files = (
			);
			inputPaths = (
				"${SRCROOT}/Pods/Target Support Files/Pods-Iroha/Pods-Iroha-frameworks.sh",
				"${BUILT_PRODUCTS_DIR}/BoringSSL/openssl.framework",
				"${BUILT_PRODUCTS_DIR}/IrohaCommunication/IrohaCommunication.framework",
				"${BUILT_PRODUCTS_DIR}/IrohaCrypto/IrohaCrypto.framework",
				"${BUILT_PRODUCTS_DIR}/Protobuf/Protobuf.framework",
				"${BUILT_PRODUCTS_DIR}/gRPC/GRPCClient.framework",
				"${BUILT_PRODUCTS_DIR}/gRPC-Core/grpc.framework",
				"${BUILT_PRODUCTS_DIR}/gRPC-ProtoRPC/ProtoRPC.framework",
				"${BUILT_PRODUCTS_DIR}/gRPC-RxLibrary/RxLibrary.framework",
				"${BUILT_PRODUCTS_DIR}/nanopb/nanopb.framework",
			);
			name = "[CP] Embed Pods Frameworks";
			outputPaths = (
				"${TARGET_BUILD_DIR}/${FRAMEWORKS_FOLDER_PATH}/openssl.framework",
				"${TARGET_BUILD_DIR}/${FRAMEWORKS_FOLDER_PATH}/IrohaCommunication.framework",
				"${TARGET_BUILD_DIR}/${FRAMEWORKS_FOLDER_PATH}/IrohaCrypto.framework",
				"${TARGET_BUILD_DIR}/${FRAMEWORKS_FOLDER_PATH}/Protobuf.framework",
				"${TARGET_BUILD_DIR}/${FRAMEWORKS_FOLDER_PATH}/GRPCClient.framework",
				"${TARGET_BUILD_DIR}/${FRAMEWORKS_FOLDER_PATH}/grpc.framework",
				"${TARGET_BUILD_DIR}/${FRAMEWORKS_FOLDER_PATH}/ProtoRPC.framework",
				"${TARGET_BUILD_DIR}/${FRAMEWORKS_FOLDER_PATH}/RxLibrary.framework",
				"${TARGET_BUILD_DIR}/${FRAMEWORKS_FOLDER_PATH}/nanopb.framework",
			);
			runOnlyForDeploymentPostprocessing = 0;
			shellPath = /bin/sh;
			shellScript = "\"${SRCROOT}/Pods/Target Support Files/Pods-Iroha/Pods-Iroha-frameworks.sh\"\n";
			showEnvVarsInLog = 0;
		};
		AB4063893FA4ABD69F0C4510 /* [CP] Check Pods Manifest.lock */ = {
			isa = PBXShellScriptBuildPhase;
			buildActionMask = 2147483647;
			files = (
			);
			inputPaths = (
				"${PODS_PODFILE_DIR_PATH}/Podfile.lock",
				"${PODS_ROOT}/Manifest.lock",
			);
			name = "[CP] Check Pods Manifest.lock";
			outputPaths = (
				"$(DERIVED_FILE_DIR)/Pods-Iroha-checkManifestLockResult.txt",
			);
			runOnlyForDeploymentPostprocessing = 0;
			shellPath = /bin/sh;
			shellScript = "diff \"${PODS_PODFILE_DIR_PATH}/Podfile.lock\" \"${PODS_ROOT}/Manifest.lock\" > /dev/null\nif [ $? != 0 ] ; then\n    # print error to STDERR\n    echo \"error: The sandbox is not in sync with the Podfile.lock. Run 'pod install' or update your CocoaPods installation.\" >&2\n    exit 1\nfi\n# This output is used by Xcode 'outputs' to avoid re-running this script phase.\necho \"SUCCESS\" > \"${SCRIPT_OUTPUT_FILE_0}\"\n";
			showEnvVarsInLog = 0;
		};
/* End PBXShellScriptBuildPhase section */

/* Begin PBXSourcesBuildPhase section */
		8A7467D22286610E0061B631 /* Sources */ = {
			isa = PBXSourcesBuildPhase;
			buildActionMask = 2147483647;
			files = (
				8A1975442287B63000C95202 /* LoginViewController.swift in Sources */,
				8A19754C2288593B00C95202 /* Account.swift in Sources */,
				8A7467F622866D500061B631 /* Data+Hexadecimal.swift in Sources */,
				8A7467DC2286610E0061B631 /* ViewController.swift in Sources */,
				8A19754A2288579600C95202 /* IRQueryRequest+Signed.swift in Sources */,
				8A7467F0228667010061B631 /* String+Hexadecimal.swift in Sources */,
				8A7467F422866AE10061B631 /* IrohaErrors.swift in Sources */,
				8A7467DA2286610E0061B631 /* AppDelegate.swift in Sources */,
				8A1975482288472F00C95202 /* MainViewController.swift in Sources */,
				8A7467EC228662B00061B631 /* Constants.swift in Sources */,
				8A1975462288438D00C95202 /* LoginService.swift in Sources */,
			);
			runOnlyForDeploymentPostprocessing = 0;
		};
/* End PBXSourcesBuildPhase section */

/* Begin PBXVariantGroup section */
		8A7467DD2286610E0061B631 /* Main.storyboard */ = {
			isa = PBXVariantGroup;
			children = (
				8A7467DE2286610E0061B631 /* Base */,
			);
			name = Main.storyboard;
			sourceTree = "<group>";
		};
		8A7467E2228661140061B631 /* LaunchScreen.storyboard */ = {
			isa = PBXVariantGroup;
			children = (
				8A7467E3228661140061B631 /* Base */,
			);
			name = LaunchScreen.storyboard;
			sourceTree = "<group>";
		};
/* End PBXVariantGroup section */

/* Begin XCBuildConfiguration section */
		8A7467E6228661150061B631 /* Debug */ = {
			isa = XCBuildConfiguration;
			buildSettings = {
				ALWAYS_SEARCH_USER_PATHS = NO;
				CLANG_ANALYZER_NONNULL = YES;
				CLANG_ANALYZER_NUMBER_OBJECT_CONVERSION = YES_AGGRESSIVE;
				CLANG_CXX_LANGUAGE_STANDARD = "gnu++14";
				CLANG_CXX_LIBRARY = "libc++";
				CLANG_ENABLE_MODULES = YES;
				CLANG_ENABLE_OBJC_ARC = YES;
				CLANG_ENABLE_OBJC_WEAK = YES;
				CLANG_WARN_BLOCK_CAPTURE_AUTORELEASING = YES;
				CLANG_WARN_BOOL_CONVERSION = YES;
				CLANG_WARN_COMMA = YES;
				CLANG_WARN_CONSTANT_CONVERSION = YES;
				CLANG_WARN_DEPRECATED_OBJC_IMPLEMENTATIONS = YES;
				CLANG_WARN_DIRECT_OBJC_ISA_USAGE = YES_ERROR;
				CLANG_WARN_DOCUMENTATION_COMMENTS = YES;
				CLANG_WARN_EMPTY_BODY = YES;
				CLANG_WARN_ENUM_CONVERSION = YES;
				CLANG_WARN_INFINITE_RECURSION = YES;
				CLANG_WARN_INT_CONVERSION = YES;
				CLANG_WARN_NON_LITERAL_NULL_CONVERSION = YES;
				CLANG_WARN_OBJC_IMPLICIT_RETAIN_SELF = YES;
				CLANG_WARN_OBJC_LITERAL_CONVERSION = YES;
				CLANG_WARN_OBJC_ROOT_CLASS = YES_ERROR;
				CLANG_WARN_RANGE_LOOP_ANALYSIS = YES;
				CLANG_WARN_STRICT_PROTOTYPES = YES;
				CLANG_WARN_SUSPICIOUS_MOVE = YES;
				CLANG_WARN_UNGUARDED_AVAILABILITY = YES_AGGRESSIVE;
				CLANG_WARN_UNREACHABLE_CODE = YES;
				CLANG_WARN__DUPLICATE_METHOD_MATCH = YES;
				CODE_SIGN_IDENTITY = "iPhone Developer";
				COPY_PHASE_STRIP = NO;
				DEBUG_INFORMATION_FORMAT = dwarf;
				ENABLE_STRICT_OBJC_MSGSEND = YES;
				ENABLE_TESTABILITY = YES;
				GCC_C_LANGUAGE_STANDARD = gnu11;
				GCC_DYNAMIC_NO_PIC = NO;
				GCC_NO_COMMON_BLOCKS = YES;
				GCC_OPTIMIZATION_LEVEL = 0;
				GCC_PREPROCESSOR_DEFINITIONS = (
					"DEBUG=1",
					"$(inherited)",
				);
				GCC_WARN_64_TO_32_BIT_CONVERSION = YES;
				GCC_WARN_ABOUT_RETURN_TYPE = YES_ERROR;
				GCC_WARN_UNDECLARED_SELECTOR = YES;
				GCC_WARN_UNINITIALIZED_AUTOS = YES_AGGRESSIVE;
				GCC_WARN_UNUSED_FUNCTION = YES;
				GCC_WARN_UNUSED_VARIABLE = YES;
				IPHONEOS_DEPLOYMENT_TARGET = 12.2;
				MTL_ENABLE_DEBUG_INFO = INCLUDE_SOURCE;
				MTL_FAST_MATH = YES;
				ONLY_ACTIVE_ARCH = YES;
				SDKROOT = iphoneos;
				SWIFT_ACTIVE_COMPILATION_CONDITIONS = DEBUG;
				SWIFT_OPTIMIZATION_LEVEL = "-Onone";
			};
			name = Debug;
		};
		8A7467E7228661150061B631 /* Release */ = {
			isa = XCBuildConfiguration;
			buildSettings = {
				ALWAYS_SEARCH_USER_PATHS = NO;
				CLANG_ANALYZER_NONNULL = YES;
				CLANG_ANALYZER_NUMBER_OBJECT_CONVERSION = YES_AGGRESSIVE;
				CLANG_CXX_LANGUAGE_STANDARD = "gnu++14";
				CLANG_CXX_LIBRARY = "libc++";
				CLANG_ENABLE_MODULES = YES;
				CLANG_ENABLE_OBJC_ARC = YES;
				CLANG_ENABLE_OBJC_WEAK = YES;
				CLANG_WARN_BLOCK_CAPTURE_AUTORELEASING = YES;
				CLANG_WARN_BOOL_CONVERSION = YES;
				CLANG_WARN_COMMA = YES;
				CLANG_WARN_CONSTANT_CONVERSION = YES;
				CLANG_WARN_DEPRECATED_OBJC_IMPLEMENTATIONS = YES;
				CLANG_WARN_DIRECT_OBJC_ISA_USAGE = YES_ERROR;
				CLANG_WARN_DOCUMENTATION_COMMENTS = YES;
				CLANG_WARN_EMPTY_BODY = YES;
				CLANG_WARN_ENUM_CONVERSION = YES;
				CLANG_WARN_INFINITE_RECURSION = YES;
				CLANG_WARN_INT_CONVERSION = YES;
				CLANG_WARN_NON_LITERAL_NULL_CONVERSION = YES;
				CLANG_WARN_OBJC_IMPLICIT_RETAIN_SELF = YES;
				CLANG_WARN_OBJC_LITERAL_CONVERSION = YES;
				CLANG_WARN_OBJC_ROOT_CLASS = YES_ERROR;
				CLANG_WARN_RANGE_LOOP_ANALYSIS = YES;
				CLANG_WARN_STRICT_PROTOTYPES = YES;
				CLANG_WARN_SUSPICIOUS_MOVE = YES;
				CLANG_WARN_UNGUARDED_AVAILABILITY = YES_AGGRESSIVE;
				CLANG_WARN_UNREACHABLE_CODE = YES;
				CLANG_WARN__DUPLICATE_METHOD_MATCH = YES;
				CODE_SIGN_IDENTITY = "iPhone Developer";
				COPY_PHASE_STRIP = NO;
				DEBUG_INFORMATION_FORMAT = "dwarf-with-dsym";
				ENABLE_NS_ASSERTIONS = NO;
				ENABLE_STRICT_OBJC_MSGSEND = YES;
				GCC_C_LANGUAGE_STANDARD = gnu11;
				GCC_NO_COMMON_BLOCKS = YES;
				GCC_WARN_64_TO_32_BIT_CONVERSION = YES;
				GCC_WARN_ABOUT_RETURN_TYPE = YES_ERROR;
				GCC_WARN_UNDECLARED_SELECTOR = YES;
				GCC_WARN_UNINITIALIZED_AUTOS = YES_AGGRESSIVE;
				GCC_WARN_UNUSED_FUNCTION = YES;
				GCC_WARN_UNUSED_VARIABLE = YES;
				IPHONEOS_DEPLOYMENT_TARGET = 12.2;
				MTL_ENABLE_DEBUG_INFO = NO;
				MTL_FAST_MATH = YES;
				SDKROOT = iphoneos;
				SWIFT_COMPILATION_MODE = wholemodule;
				SWIFT_OPTIMIZATION_LEVEL = "-O";
				VALIDATE_PRODUCT = YES;
			};
			name = Release;
		};
		8A7467E9228661150061B631 /* Debug */ = {
			isa = XCBuildConfiguration;
			baseConfigurationReference = A90006050AF074D4DF3612B9 /* Pods-Iroha.debug.xcconfig */;
			buildSettings = {
				ASSETCATALOG_COMPILER_APPICON_NAME = AppIcon;
				CODE_SIGN_STYLE = Automatic;
				INFOPLIST_FILE = Iroha/Info.plist;
				LD_RUNPATH_SEARCH_PATHS = (
					"$(inherited)",
					"@executable_path/Frameworks",
				);
				PRODUCT_BUNDLE_IDENTIFIER = com.magauran.Iroha;
				PRODUCT_NAME = "$(TARGET_NAME)";
				SWIFT_VERSION = 5.0;
				TARGETED_DEVICE_FAMILY = "1,2";
			};
			name = Debug;
		};
		8A7467EA228661150061B631 /* Release */ = {
			isa = XCBuildConfiguration;
			baseConfigurationReference = 5A1E0EB3EB9C87E03198B80E /* Pods-Iroha.release.xcconfig */;
			buildSettings = {
				ASSETCATALOG_COMPILER_APPICON_NAME = AppIcon;
				CODE_SIGN_STYLE = Automatic;
				INFOPLIST_FILE = Iroha/Info.plist;
				LD_RUNPATH_SEARCH_PATHS = (
					"$(inherited)",
					"@executable_path/Frameworks",
				);
				PRODUCT_BUNDLE_IDENTIFIER = com.magauran.Iroha;
				PRODUCT_NAME = "$(TARGET_NAME)";
				SWIFT_VERSION = 5.0;
				TARGETED_DEVICE_FAMILY = "1,2";
			};
			name = Release;
		};
/* End XCBuildConfiguration section */

/* Begin XCConfigurationList section */
		8A7467D12286610E0061B631 /* Build configuration list for PBXProject "Iroha" */ = {
			isa = XCConfigurationList;
			buildConfigurations = (
				8A7467E6228661150061B631 /* Debug */,
				8A7467E7228661150061B631 /* Release */,
			);
			defaultConfigurationIsVisible = 0;
			defaultConfigurationName = Release;
		};
		8A7467E8228661150061B631 /* Build configuration list for PBXNativeTarget "Iroha" */ = {
			isa = XCConfigurationList;
			buildConfigurations = (
				8A7467E9228661150061B631 /* Debug */,
				8A7467EA228661150061B631 /* Release */,
			);
			defaultConfigurationIsVisible = 0;
			defaultConfigurationName = Release;
		};
/* End XCConfigurationList section */
	};
	rootObject = 8A7467CE2286610D0061B631 /* Project object */;
}
